
Microsoft Visual Studio Solution File, Format Version 12.00
# Visual Studio Version 17
VisualStudioVersion = 17.11.35312.102
MinimumVisualStudioVersion = 10.0.40219.1
Project("{8BC9CEB8-8B4A-11D0-8D11-00A0C91BC942}") = "8_2", "8_2\8_2.vcxproj", "{3FDF8EDB-ABB0-4710-B703-7B172BE7E2C9}"
EndProject
Project("{8BC9CEB8-8B4A-11D0-8D11-00A0C91BC942}") = "UnitTest1", "UnitTest1\UnitTest1.vcxproj", "{ED34E38B-A486-4BDC-B027-AE99EF5F7D23}"
EndProject
Global
	GlobalSection(SolutionConfigurationPlatforms) = preSolution
		Debug|x64 = Debug|x64
		Debug|x86 = Debug|x86
		Release|x64 = Release|x64
		Release|x86 = Release|x86
	EndGlobalSection
	GlobalSection(ProjectConfigurationPlatforms) = postSolution
		{3FDF8EDB-ABB0-4710-B703-7B172BE7E2C9}.Debug|x64.ActiveCfg = Debug|x64
		{3FDF8EDB-ABB0-4710-B703-7B172BE7E2C9}.Debug|x64.Build.0 = Debug|x64
		{3FDF8EDB-ABB0-4710-B703-7B172BE7E2C9}.Debug|x86.ActiveCfg = Debug|Win32
		{3FDF8EDB-ABB0-4710-B703-7B172BE7E2C9}.Debug|x86.Build.0 = Debug|Win32
		{3FDF8EDB-ABB0-4710-B703-7B172BE7E2C9}.Release|x64.ActiveCfg = Release|x64
		{3FDF8EDB-ABB0-4710-B703-7B172BE7E2C9}.Release|x64.Build.0 = Release|x64
		{3FDF8EDB-ABB0-4710-B703-7B172BE7E2C9}.Release|x86.ActiveCfg = Release|Win32
		{3FDF8EDB-ABB0-4710-B703-7B172BE7E2C9}.Release|x86.Build.0 = Release|Win32
		{ED34E38B-A486-4BDC-B027-AE99EF5F7D23}.Debug|x64.ActiveCfg = Debug|x64
		{ED34E38B-A486-4BDC-B027-AE99EF5F7D23}.Debug|x64.Build.0 = Debug|x64
		{ED34E38B-A486-4BDC-B027-AE99EF5F7D23}.Debug|x86.ActiveCfg = Debug|Win32
		{ED34E38B-A486-4BDC-B027-AE99EF5F7D23}.Debug|x86.Build.0 = Debug|Win32
		{ED34E38B-A486-4BDC-B027-AE99EF5F7D23}.Release|x64.ActiveCfg = Release|x64
		{ED34E38B-A486-4BDC-B027-AE99EF5F7D23}.Release|x64.Build.0 = Release|x64
		{ED34E38B-A486-4BDC-B027-AE99EF5F7D23}.Release|x86.ActiveCfg = Release|Win32
		{ED34E38B-A486-4BDC-B027-AE99EF5F7D23}.Release|x86.Build.0 = Release|Win32
	EndGlobalSection
	GlobalSection(SolutionProperties) = preSolution
		HideSolutionNode = FALSE
	EndGlobalSection
	GlobalSection(ExtensibilityGlobals) = postSolution
		SolutionGuid = {C14C4FB4-1B28-4CD6-A218-56796E8AEAB3}
	EndGlobalSection
EndGlobal
