
Microsoft Visual Studio Solution File, Format Version 12.00
# Visual Studio Version 17
VisualStudioVersion = 17.11.35312.102
MinimumVisualStudioVersion = 10.0.40219.1
Project("{8BC9CEB8-8B4A-11D0-8D11-00A0C91BC942}") = "4.1", "4.1\4.1.vcxproj", "{EF26D121-B1DA-4565-923A-598D59ABA7C0}"
EndProject
Global
	GlobalSection(SolutionConfigurationPlatforms) = preSolution
		Debug|x64 = Debug|x64
		Debug|x86 = Debug|x86
		Release|x64 = Release|x64
		Release|x86 = Release|x86
	EndGlobalSection
	GlobalSection(ProjectConfigurationPlatforms) = postSolution
		{EF26D121-B1DA-4565-923A-598D59ABA7C0}.Debug|x64.ActiveCfg = Debug|x64
		{EF26D121-B1DA-4565-923A-598D59ABA7C0}.Debug|x64.Build.0 = Debug|x64
		{EF26D121-B1DA-4565-923A-598D59ABA7C0}.Debug|x86.ActiveCfg = Debug|Win32
		{EF26D121-B1DA-4565-923A-598D59ABA7C0}.Debug|x86.Build.0 = Debug|Win32
		{EF26D121-B1DA-4565-923A-598D59ABA7C0}.Release|x64.ActiveCfg = Release|x64
		{EF26D121-B1DA-4565-923A-598D59ABA7C0}.Release|x64.Build.0 = Release|x64
		{EF26D121-B1DA-4565-923A-598D59ABA7C0}.Release|x86.ActiveCfg = Release|Win32
		{EF26D121-B1DA-4565-923A-598D59ABA7C0}.Release|x86.Build.0 = Release|Win32
	EndGlobalSection
	GlobalSection(SolutionProperties) = preSolution
		HideSolutionNode = FALSE
	EndGlobalSection
	GlobalSection(ExtensibilityGlobals) = postSolution
		SolutionGuid = {6193450C-A867-4A81-A08B-49FF4A8FF0E8}
	EndGlobalSection
EndGlobal
